PODS:
  - GooglePlacesSearchController (0.2.2)

DEPENDENCIES:
  - GooglePlacesSearchController (from `../`)

EXTERNAL SOURCES:
  GooglePlacesSearchController:
    :path: "../"

SPEC CHECKSUMS:
  GooglePlacesSearchController: f63ae482cf1bc962a95970df6e1bae5999d1a6b7

PODFILE CHECKSUM: d8edbae7fa5ae4bf5ef72ea21d5a9d86d3477a73

COCOAPODS: 1.8.4
