PODS:
  - GooglePlacesSearchController (0.1.5)

DEPENDENCIES:
  - GooglePlacesSearchController (from `../`)

EXTERNAL SOURCES:
  GooglePlacesSearchController:
    :path: "../"

SPEC CHECKSUMS:
  GooglePlacesSearchController: 3e03d9aaddfadff8b42801abad5ded2d7390bd3b

PODFILE CHECKSUM: c2bf1e0a214d2c575c504d0f69e1cebad971a433

COCOAPODS: 1.0.1
